
Microsoft Visual Studio Solution File, Format Version 12.00
# Visual Studio Version 17
VisualStudioVersion = 17.3.32922.545
MinimumVisualStudioVersion = 10.0.40219.1
Project("{8BC9CEB8-8B4A-11D0-8D11-00A0C91BC942}") = "Ducks", "StrategyPattern\Ducks\Ducks.vcxproj", "{1246DC6B-2D89-43AA-B07F-604127DB237E}"
EndProject
Project("{8BC9CEB8-8B4A-11D0-8D11-00A0C91BC942}") = "DucksFn", "StrategyPattern\DucksFn\DucksFn.vcxproj", "{7A9C716D-296F-44E5-B93D-2A57A4D5B129}"
EndProject
Project("{2150E333-8FDC-42A3-9474-1A3956D46DE8}") = "1. StrategyPattern", "1. StrategyPattern", "{384450E9-B68E-40E5-9FC4-B9FE84E80582}"
	ProjectSection(SolutionItems) = preProject
		StrategyPattern\StrategyDucks.drawio = StrategyPattern\StrategyDucks.drawio
	EndProjectSection
EndProject
Project("{2150E333-8FDC-42A3-9474-1A3956D46DE8}") = "2. VisitorPattern", "2. VisitorPattern", "{4E62268A-3057-4ECA-8EE4-64200C867C07}"
EndProject
Project("{2150E333-8FDC-42A3-9474-1A3956D46DE8}") = "3. DecoratorPattern", "3. DecoratorPattern", "{04021C1F-C363-48C9-AB4D-2B7FA35201F3}"
EndProject
Project("{2150E333-8FDC-42A3-9474-1A3956D46DE8}") = "4. FactoryPattern", "4. FactoryPattern", "{65D9A11E-61B4-4BA2-B796-7B9DEBFA70D6}"
EndProject
Project("{2150E333-8FDC-42A3-9474-1A3956D46DE8}") = "5. CommandPattern", "5. CommandPattern", "{0824250D-0C78-4ECE-AF85-70A445FDC8CB}"
EndProject
Project("{2150E333-8FDC-42A3-9474-1A3956D46DE8}") = "6. AdapterPattern", "6. AdapterPattern", "{8BBBEAB4-9FE4-4D1D-AC6A-D1D39A413F20}"
EndProject
Project("{2150E333-8FDC-42A3-9474-1A3956D46DE8}") = "7. CompositePattern", "7. CompositePattern", "{DE05C015-F45B-4E93-8C09-3C22017A2B43}"
EndProject
Project("{2150E333-8FDC-42A3-9474-1A3956D46DE8}") = "8. StatePattern", "8. StatePattern", "{316F20C6-A49E-46F5-A56F-E8C215014A59}"
EndProject
Project("{8BC9CEB8-8B4A-11D0-8D11-00A0C91BC942}") = "WeatherStation", "VisitorPattern\WeatherStation\WeatherStation.vcxproj", "{5DAB5C48-BCBE-47E6-B628-155363351669}"
EndProject
Project("{8BC9CEB8-8B4A-11D0-8D11-00A0C91BC942}") = "WeatherStationDuo", "VisitorPattern\WeatherStationDuo\WeatherStationDuo.vcxproj", "{D1867E3E-2B64-4C17-BE89-8F92AE1EA4EA}"
EndProject
Project("{8BC9CEB8-8B4A-11D0-8D11-00A0C91BC942}") = "WeatherStationPro", "VisitorPattern\WeatherStationPro\WeatherStationPro.vcxproj", "{B46EA035-7C95-4AAA-9DFF-C96BAE95743F}"
EndProject
Project("{8BC9CEB8-8B4A-11D0-8D11-00A0C91BC942}") = "WeatherStationProDuo", "VisitorPattern\WeatherStationProDuo\WeatherStationProDuo.vcxproj", "{598B2441-3330-4603-9898-64DAAB8D6C05}"
EndProject
Project("{8BC9CEB8-8B4A-11D0-8D11-00A0C91BC942}") = "WeatherStationProDuoSignals", "VisitorPattern\WeatherStationProDuoSignals\WeatherStationProDuoSignals.vcxproj", "{30E08C14-BDAD-4E7B-80E6-EFE87681C12D}"
EndProject
Project("{8BC9CEB8-8B4A-11D0-8D11-00A0C91BC942}") = "Beverages", "DecoratorPattern\Beverages\Beverages.vcxproj", "{9BBFFF75-1783-406C-BA02-3E68A1781E53}"
EndProject
Project("{8BC9CEB8-8B4A-11D0-8D11-00A0C91BC942}") = "Streams", "DecoratorPattern\Streams\Streams.vcxproj", "{551DAE04-8C4C-4FD2-B06F-26FDE74D2E6A}"
EndProject
Project("{8BC9CEB8-8B4A-11D0-8D11-00A0C91BC942}") = "Shapes", "FactoryPattern\Shapes\Shapes.vcxproj", "{BE2B63A4-4DBD-4A67-A368-6637CBE227F5}"
EndProject
Project("{8BC9CEB8-8B4A-11D0-8D11-00A0C91BC942}") = "Editor", "CommandPattern\Editor\Editor.vcxproj", "{22B13C25-BC38-4ADF-8391-1AFF68260999}"
EndProject
Project("{8BC9CEB8-8B4A-11D0-8D11-00A0C91BC942}") = "RobotMacroCommand", "CommandPattern\RobotMacroCommand\RobotMacroCommand.vcxproj", "{B294BB50-4014-40A3-A559-899C81A5BB00}"
EndProject
Project("{8BC9CEB8-8B4A-11D0-8D11-00A0C91BC942}") = "ClassAdapter", "AdapterPattern\ClassAdapter\ClassAdapter.vcxproj", "{E02AE81A-C342-4FA6-9195-207FA2A96DB0}"
EndProject
Project("{8BC9CEB8-8B4A-11D0-8D11-00A0C91BC942}") = "ObjectAdapter", "AdapterPattern\ObjectAdapter\ObjectAdapter.vcxproj", "{36152110-D98D-449D-AA33-F0EDBD12597E}"
EndProject
Project("{8BC9CEB8-8B4A-11D0-8D11-00A0C91BC942}") = "Slides", "CompositePattern\Slides\Slides.vcxproj", "{29D2221F-7A14-42FB-8B1C-D9A6B593DB89}"
EndProject
Project("{8BC9CEB8-8B4A-11D0-8D11-00A0C91BC942}") = "GumballMachine", "StatePattern\GumballMachine\GumballMachine.vcxproj", "{A1A294BB-8AA2-42A7-9E6A-7DF45AF8B2B0}"
EndProject
Project("{2150E333-8FDC-42A3-9474-1A3956D46DE8}") = "9. MVC MVP MVVM Pattern", "9. MVC MVP MVVM Pattern", "{30A5FC07-FD87-4AD5-95A3-D30B7F66FFE3}"
EndProject
Project("{8BC9CEB8-8B4A-11D0-8D11-00A0C91BC942}") = "MultiGumballMachine", "StatePattern\MultiGumballMachine\MultiGumballMachine.vcxproj", "{4DA378CB-A368-4490-A3FA-B80EB1F9A513}"
EndProject
Project("{8BC9CEB8-8B4A-11D0-8D11-00A0C91BC942}") = "MultiGumballMachineMenu", "StatePattern\MultiGumballMachineMenu\MultiGumballMachineMenu.vcxproj", "{5CFB859B-1730-46DA-B0B6-9CEE4E2FF9BC}"
EndProject
Project("{8BC9CEB8-8B4A-11D0-8D11-00A0C91BC942}") = "MiniPowerPoint", "MVC MVP MVVM Pattern\MiniPowerPoint\MiniPowerPoint.vcxproj", "{A98EC12C-3369-4114-8836-C4F06DE7FBE1}"
EndProject
Project("{8BC9CEB8-8B4A-11D0-8D11-00A0C91BC942}") = "ViewSinusoids", "ViewSinusoids\ViewSinusoids.vcxproj", "{7D470A4F-3120-4D4F-8DBF-368D2747A761}"
EndProject
Project("{2150E333-8FDC-42A3-9474-1A3956D46DE8}") = "Tests", "Tests", "{6AF96FC3-56AF-42E9-8114-9E960A84E0ED}"
EndProject
Project("{8BC9CEB8-8B4A-11D0-8D11-00A0C91BC942}") = "WeatherStationTest", "VisitorPattern\Tests\WeatherStationTest\WeatherStationTest.vcxproj", "{055EC099-3BAA-427B-B78D-692A8BA5E055}"
EndProject
Global
	GlobalSection(SolutionConfigurationPlatforms) = preSolution
		Debug|x64 = Debug|x64
		Debug|x86 = Debug|x86
		Release|x64 = Release|x64
		Release|x86 = Release|x86
	EndGlobalSection
	GlobalSection(ProjectConfigurationPlatforms) = postSolution
		{1246DC6B-2D89-43AA-B07F-604127DB237E}.Debug|x64.ActiveCfg = Debug|x64
		{1246DC6B-2D89-43AA-B07F-604127DB237E}.Debug|x64.Build.0 = Debug|x64
		{1246DC6B-2D89-43AA-B07F-604127DB237E}.Debug|x86.ActiveCfg = Debug|Win32
		{1246DC6B-2D89-43AA-B07F-604127DB237E}.Debug|x86.Build.0 = Debug|Win32
		{1246DC6B-2D89-43AA-B07F-604127DB237E}.Release|x64.ActiveCfg = Release|x64
		{1246DC6B-2D89-43AA-B07F-604127DB237E}.Release|x64.Build.0 = Release|x64
		{1246DC6B-2D89-43AA-B07F-604127DB237E}.Release|x86.ActiveCfg = Release|Win32
		{1246DC6B-2D89-43AA-B07F-604127DB237E}.Release|x86.Build.0 = Release|Win32
		{7A9C716D-296F-44E5-B93D-2A57A4D5B129}.Debug|x64.ActiveCfg = Debug|x64
		{7A9C716D-296F-44E5-B93D-2A57A4D5B129}.Debug|x64.Build.0 = Debug|x64
		{7A9C716D-296F-44E5-B93D-2A57A4D5B129}.Debug|x86.ActiveCfg = Debug|Win32
		{7A9C716D-296F-44E5-B93D-2A57A4D5B129}.Debug|x86.Build.0 = Debug|Win32
		{7A9C716D-296F-44E5-B93D-2A57A4D5B129}.Release|x64.ActiveCfg = Release|x64
		{7A9C716D-296F-44E5-B93D-2A57A4D5B129}.Release|x64.Build.0 = Release|x64
		{7A9C716D-296F-44E5-B93D-2A57A4D5B129}.Release|x86.ActiveCfg = Release|Win32
		{7A9C716D-296F-44E5-B93D-2A57A4D5B129}.Release|x86.Build.0 = Release|Win32
		{5DAB5C48-BCBE-47E6-B628-155363351669}.Debug|x64.ActiveCfg = Debug|x64
		{5DAB5C48-BCBE-47E6-B628-155363351669}.Debug|x64.Build.0 = Debug|x64
		{5DAB5C48-BCBE-47E6-B628-155363351669}.Debug|x86.ActiveCfg = Debug|Win32
		{5DAB5C48-BCBE-47E6-B628-155363351669}.Debug|x86.Build.0 = Debug|Win32
		{5DAB5C48-BCBE-47E6-B628-155363351669}.Release|x64.ActiveCfg = Release|x64
		{5DAB5C48-BCBE-47E6-B628-155363351669}.Release|x64.Build.0 = Release|x64
		{5DAB5C48-BCBE-47E6-B628-155363351669}.Release|x86.ActiveCfg = Release|Win32
		{5DAB5C48-BCBE-47E6-B628-155363351669}.Release|x86.Build.0 = Release|Win32
		{D1867E3E-2B64-4C17-BE89-8F92AE1EA4EA}.Debug|x64.ActiveCfg = Debug|x64
		{D1867E3E-2B64-4C17-BE89-8F92AE1EA4EA}.Debug|x64.Build.0 = Debug|x64
		{D1867E3E-2B64-4C17-BE89-8F92AE1EA4EA}.Debug|x86.ActiveCfg = Debug|Win32
		{D1867E3E-2B64-4C17-BE89-8F92AE1EA4EA}.Debug|x86.Build.0 = Debug|Win32
		{D1867E3E-2B64-4C17-BE89-8F92AE1EA4EA}.Release|x64.ActiveCfg = Release|x64
		{D1867E3E-2B64-4C17-BE89-8F92AE1EA4EA}.Release|x64.Build.0 = Release|x64
		{D1867E3E-2B64-4C17-BE89-8F92AE1EA4EA}.Release|x86.ActiveCfg = Release|Win32
		{D1867E3E-2B64-4C17-BE89-8F92AE1EA4EA}.Release|x86.Build.0 = Release|Win32
		{B46EA035-7C95-4AAA-9DFF-C96BAE95743F}.Debug|x64.ActiveCfg = Debug|x64
		{B46EA035-7C95-4AAA-9DFF-C96BAE95743F}.Debug|x64.Build.0 = Debug|x64
		{B46EA035-7C95-4AAA-9DFF-C96BAE95743F}.Debug|x86.ActiveCfg = Debug|Win32
		{B46EA035-7C95-4AAA-9DFF-C96BAE95743F}.Debug|x86.Build.0 = Debug|Win32
		{B46EA035-7C95-4AAA-9DFF-C96BAE95743F}.Release|x64.ActiveCfg = Release|x64
		{B46EA035-7C95-4AAA-9DFF-C96BAE95743F}.Release|x64.Build.0 = Release|x64
		{B46EA035-7C95-4AAA-9DFF-C96BAE95743F}.Release|x86.ActiveCfg = Release|Win32
		{B46EA035-7C95-4AAA-9DFF-C96BAE95743F}.Release|x86.Build.0 = Release|Win32
		{598B2441-3330-4603-9898-64DAAB8D6C05}.Debug|x64.ActiveCfg = Debug|x64
		{598B2441-3330-4603-9898-64DAAB8D6C05}.Debug|x64.Build.0 = Debug|x64
		{598B2441-3330-4603-9898-64DAAB8D6C05}.Debug|x86.ActiveCfg = Debug|Win32
		{598B2441-3330-4603-9898-64DAAB8D6C05}.Debug|x86.Build.0 = Debug|Win32
		{598B2441-3330-4603-9898-64DAAB8D6C05}.Release|x64.ActiveCfg = Release|x64
		{598B2441-3330-4603-9898-64DAAB8D6C05}.Release|x64.Build.0 = Release|x64
		{598B2441-3330-4603-9898-64DAAB8D6C05}.Release|x86.ActiveCfg = Release|Win32
		{598B2441-3330-4603-9898-64DAAB8D6C05}.Release|x86.Build.0 = Release|Win32
		{30E08C14-BDAD-4E7B-80E6-EFE87681C12D}.Debug|x64.ActiveCfg = Debug|x64
		{30E08C14-BDAD-4E7B-80E6-EFE87681C12D}.Debug|x64.Build.0 = Debug|x64
		{30E08C14-BDAD-4E7B-80E6-EFE87681C12D}.Debug|x86.ActiveCfg = Debug|Win32
		{30E08C14-BDAD-4E7B-80E6-EFE87681C12D}.Debug|x86.Build.0 = Debug|Win32
		{30E08C14-BDAD-4E7B-80E6-EFE87681C12D}.Release|x64.ActiveCfg = Release|x64
		{30E08C14-BDAD-4E7B-80E6-EFE87681C12D}.Release|x64.Build.0 = Release|x64
		{30E08C14-BDAD-4E7B-80E6-EFE87681C12D}.Release|x86.ActiveCfg = Release|Win32
		{30E08C14-BDAD-4E7B-80E6-EFE87681C12D}.Release|x86.Build.0 = Release|Win32
		{9BBFFF75-1783-406C-BA02-3E68A1781E53}.Debug|x64.ActiveCfg = Debug|x64
		{9BBFFF75-1783-406C-BA02-3E68A1781E53}.Debug|x64.Build.0 = Debug|x64
		{9BBFFF75-1783-406C-BA02-3E68A1781E53}.Debug|x86.ActiveCfg = Debug|Win32
		{9BBFFF75-1783-406C-BA02-3E68A1781E53}.Debug|x86.Build.0 = Debug|Win32
		{9BBFFF75-1783-406C-BA02-3E68A1781E53}.Release|x64.ActiveCfg = Release|x64
		{9BBFFF75-1783-406C-BA02-3E68A1781E53}.Release|x64.Build.0 = Release|x64
		{9BBFFF75-1783-406C-BA02-3E68A1781E53}.Release|x86.ActiveCfg = Release|Win32
		{9BBFFF75-1783-406C-BA02-3E68A1781E53}.Release|x86.Build.0 = Release|Win32
		{551DAE04-8C4C-4FD2-B06F-26FDE74D2E6A}.Debug|x64.ActiveCfg = Debug|x64
		{551DAE04-8C4C-4FD2-B06F-26FDE74D2E6A}.Debug|x64.Build.0 = Debug|x64
		{551DAE04-8C4C-4FD2-B06F-26FDE74D2E6A}.Debug|x86.ActiveCfg = Debug|Win32
		{551DAE04-8C4C-4FD2-B06F-26FDE74D2E6A}.Debug|x86.Build.0 = Debug|Win32
		{551DAE04-8C4C-4FD2-B06F-26FDE74D2E6A}.Release|x64.ActiveCfg = Release|x64
		{551DAE04-8C4C-4FD2-B06F-26FDE74D2E6A}.Release|x64.Build.0 = Release|x64
		{551DAE04-8C4C-4FD2-B06F-26FDE74D2E6A}.Release|x86.ActiveCfg = Release|Win32
		{551DAE04-8C4C-4FD2-B06F-26FDE74D2E6A}.Release|x86.Build.0 = Release|Win32
		{BE2B63A4-4DBD-4A67-A368-6637CBE227F5}.Debug|x64.ActiveCfg = Debug|x64
		{BE2B63A4-4DBD-4A67-A368-6637CBE227F5}.Debug|x64.Build.0 = Debug|x64
		{BE2B63A4-4DBD-4A67-A368-6637CBE227F5}.Debug|x86.ActiveCfg = Debug|Win32
		{BE2B63A4-4DBD-4A67-A368-6637CBE227F5}.Debug|x86.Build.0 = Debug|Win32
		{BE2B63A4-4DBD-4A67-A368-6637CBE227F5}.Release|x64.ActiveCfg = Release|x64
		{BE2B63A4-4DBD-4A67-A368-6637CBE227F5}.Release|x64.Build.0 = Release|x64
		{BE2B63A4-4DBD-4A67-A368-6637CBE227F5}.Release|x86.ActiveCfg = Release|Win32
		{BE2B63A4-4DBD-4A67-A368-6637CBE227F5}.Release|x86.Build.0 = Release|Win32
		{22B13C25-BC38-4ADF-8391-1AFF68260999}.Debug|x64.ActiveCfg = Debug|x64
		{22B13C25-BC38-4ADF-8391-1AFF68260999}.Debug|x64.Build.0 = Debug|x64
		{22B13C25-BC38-4ADF-8391-1AFF68260999}.Debug|x86.ActiveCfg = Debug|Win32
		{22B13C25-BC38-4ADF-8391-1AFF68260999}.Debug|x86.Build.0 = Debug|Win32
		{22B13C25-BC38-4ADF-8391-1AFF68260999}.Release|x64.ActiveCfg = Release|x64
		{22B13C25-BC38-4ADF-8391-1AFF68260999}.Release|x64.Build.0 = Release|x64
		{22B13C25-BC38-4ADF-8391-1AFF68260999}.Release|x86.ActiveCfg = Release|Win32
		{22B13C25-BC38-4ADF-8391-1AFF68260999}.Release|x86.Build.0 = Release|Win32
		{B294BB50-4014-40A3-A559-899C81A5BB00}.Debug|x64.ActiveCfg = Debug|x64
		{B294BB50-4014-40A3-A559-899C81A5BB00}.Debug|x64.Build.0 = Debug|x64
		{B294BB50-4014-40A3-A559-899C81A5BB00}.Debug|x86.ActiveCfg = Debug|Win32
		{B294BB50-4014-40A3-A559-899C81A5BB00}.Debug|x86.Build.0 = Debug|Win32
		{B294BB50-4014-40A3-A559-899C81A5BB00}.Release|x64.ActiveCfg = Release|x64
		{B294BB50-4014-40A3-A559-899C81A5BB00}.Release|x64.Build.0 = Release|x64
		{B294BB50-4014-40A3-A559-899C81A5BB00}.Release|x86.ActiveCfg = Release|Win32
		{B294BB50-4014-40A3-A559-899C81A5BB00}.Release|x86.Build.0 = Release|Win32
		{E02AE81A-C342-4FA6-9195-207FA2A96DB0}.Debug|x64.ActiveCfg = Debug|x64
		{E02AE81A-C342-4FA6-9195-207FA2A96DB0}.Debug|x64.Build.0 = Debug|x64
		{E02AE81A-C342-4FA6-9195-207FA2A96DB0}.Debug|x86.ActiveCfg = Debug|Win32
		{E02AE81A-C342-4FA6-9195-207FA2A96DB0}.Debug|x86.Build.0 = Debug|Win32
		{E02AE81A-C342-4FA6-9195-207FA2A96DB0}.Release|x64.ActiveCfg = Release|x64
		{E02AE81A-C342-4FA6-9195-207FA2A96DB0}.Release|x64.Build.0 = Release|x64
		{E02AE81A-C342-4FA6-9195-207FA2A96DB0}.Release|x86.ActiveCfg = Release|Win32
		{E02AE81A-C342-4FA6-9195-207FA2A96DB0}.Release|x86.Build.0 = Release|Win32
		{36152110-D98D-449D-AA33-F0EDBD12597E}.Debug|x64.ActiveCfg = Debug|x64
		{36152110-D98D-449D-AA33-F0EDBD12597E}.Debug|x64.Build.0 = Debug|x64
		{36152110-D98D-449D-AA33-F0EDBD12597E}.Debug|x86.ActiveCfg = Debug|Win32
		{36152110-D98D-449D-AA33-F0EDBD12597E}.Debug|x86.Build.0 = Debug|Win32
		{36152110-D98D-449D-AA33-F0EDBD12597E}.Release|x64.ActiveCfg = Release|x64
		{36152110-D98D-449D-AA33-F0EDBD12597E}.Release|x64.Build.0 = Release|x64
		{36152110-D98D-449D-AA33-F0EDBD12597E}.Release|x86.ActiveCfg = Release|Win32
		{36152110-D98D-449D-AA33-F0EDBD12597E}.Release|x86.Build.0 = Release|Win32
		{29D2221F-7A14-42FB-8B1C-D9A6B593DB89}.Debug|x64.ActiveCfg = Debug|x64
		{29D2221F-7A14-42FB-8B1C-D9A6B593DB89}.Debug|x64.Build.0 = Debug|x64
		{29D2221F-7A14-42FB-8B1C-D9A6B593DB89}.Debug|x86.ActiveCfg = Debug|Win32
		{29D2221F-7A14-42FB-8B1C-D9A6B593DB89}.Debug|x86.Build.0 = Debug|Win32
		{29D2221F-7A14-42FB-8B1C-D9A6B593DB89}.Release|x64.ActiveCfg = Release|x64
		{29D2221F-7A14-42FB-8B1C-D9A6B593DB89}.Release|x64.Build.0 = Release|x64
		{29D2221F-7A14-42FB-8B1C-D9A6B593DB89}.Release|x86.ActiveCfg = Release|Win32
		{29D2221F-7A14-42FB-8B1C-D9A6B593DB89}.Release|x86.Build.0 = Release|Win32
		{A1A294BB-8AA2-42A7-9E6A-7DF45AF8B2B0}.Debug|x64.ActiveCfg = Debug|x64
		{A1A294BB-8AA2-42A7-9E6A-7DF45AF8B2B0}.Debug|x64.Build.0 = Debug|x64
		{A1A294BB-8AA2-42A7-9E6A-7DF45AF8B2B0}.Debug|x86.ActiveCfg = Debug|Win32
		{A1A294BB-8AA2-42A7-9E6A-7DF45AF8B2B0}.Debug|x86.Build.0 = Debug|Win32
		{A1A294BB-8AA2-42A7-9E6A-7DF45AF8B2B0}.Release|x64.ActiveCfg = Release|x64
		{A1A294BB-8AA2-42A7-9E6A-7DF45AF8B2B0}.Release|x64.Build.0 = Release|x64
		{A1A294BB-8AA2-42A7-9E6A-7DF45AF8B2B0}.Release|x86.ActiveCfg = Release|Win32
		{A1A294BB-8AA2-42A7-9E6A-7DF45AF8B2B0}.Release|x86.Build.0 = Release|Win32
		{4DA378CB-A368-4490-A3FA-B80EB1F9A513}.Debug|x64.ActiveCfg = Debug|x64
		{4DA378CB-A368-4490-A3FA-B80EB1F9A513}.Debug|x64.Build.0 = Debug|x64
		{4DA378CB-A368-4490-A3FA-B80EB1F9A513}.Debug|x86.ActiveCfg = Debug|Win32
		{4DA378CB-A368-4490-A3FA-B80EB1F9A513}.Debug|x86.Build.0 = Debug|Win32
		{4DA378CB-A368-4490-A3FA-B80EB1F9A513}.Release|x64.ActiveCfg = Release|x64
		{4DA378CB-A368-4490-A3FA-B80EB1F9A513}.Release|x64.Build.0 = Release|x64
		{4DA378CB-A368-4490-A3FA-B80EB1F9A513}.Release|x86.ActiveCfg = Release|Win32
		{4DA378CB-A368-4490-A3FA-B80EB1F9A513}.Release|x86.Build.0 = Release|Win32
		{5CFB859B-1730-46DA-B0B6-9CEE4E2FF9BC}.Debug|x64.ActiveCfg = Debug|x64
		{5CFB859B-1730-46DA-B0B6-9CEE4E2FF9BC}.Debug|x64.Build.0 = Debug|x64
		{5CFB859B-1730-46DA-B0B6-9CEE4E2FF9BC}.Debug|x86.ActiveCfg = Debug|Win32
		{5CFB859B-1730-46DA-B0B6-9CEE4E2FF9BC}.Debug|x86.Build.0 = Debug|Win32
		{5CFB859B-1730-46DA-B0B6-9CEE4E2FF9BC}.Release|x64.ActiveCfg = Release|x64
		{5CFB859B-1730-46DA-B0B6-9CEE4E2FF9BC}.Release|x64.Build.0 = Release|x64
		{5CFB859B-1730-46DA-B0B6-9CEE4E2FF9BC}.Release|x86.ActiveCfg = Release|Win32
		{5CFB859B-1730-46DA-B0B6-9CEE4E2FF9BC}.Release|x86.Build.0 = Release|Win32
		{A98EC12C-3369-4114-8836-C4F06DE7FBE1}.Debug|x64.ActiveCfg = Debug|x64
		{A98EC12C-3369-4114-8836-C4F06DE7FBE1}.Debug|x64.Build.0 = Debug|x64
		{A98EC12C-3369-4114-8836-C4F06DE7FBE1}.Debug|x86.ActiveCfg = Debug|Win32
		{A98EC12C-3369-4114-8836-C4F06DE7FBE1}.Debug|x86.Build.0 = Debug|Win32
		{A98EC12C-3369-4114-8836-C4F06DE7FBE1}.Release|x64.ActiveCfg = Release|x64
		{A98EC12C-3369-4114-8836-C4F06DE7FBE1}.Release|x64.Build.0 = Release|x64
		{A98EC12C-3369-4114-8836-C4F06DE7FBE1}.Release|x86.ActiveCfg = Release|Win32
		{A98EC12C-3369-4114-8836-C4F06DE7FBE1}.Release|x86.Build.0 = Release|Win32
		{7D470A4F-3120-4D4F-8DBF-368D2747A761}.Debug|x64.ActiveCfg = Debug|x64
		{7D470A4F-3120-4D4F-8DBF-368D2747A761}.Debug|x64.Build.0 = Debug|x64
		{7D470A4F-3120-4D4F-8DBF-368D2747A761}.Debug|x86.ActiveCfg = Debug|Win32
		{7D470A4F-3120-4D4F-8DBF-368D2747A761}.Debug|x86.Build.0 = Debug|Win32
		{7D470A4F-3120-4D4F-8DBF-368D2747A761}.Release|x64.ActiveCfg = Release|x64
		{7D470A4F-3120-4D4F-8DBF-368D2747A761}.Release|x64.Build.0 = Release|x64
		{7D470A4F-3120-4D4F-8DBF-368D2747A761}.Release|x86.ActiveCfg = Release|Win32
		{7D470A4F-3120-4D4F-8DBF-368D2747A761}.Release|x86.Build.0 = Release|Win32
		{055EC099-3BAA-427B-B78D-692A8BA5E055}.Debug|x64.ActiveCfg = Debug|x64
		{055EC099-3BAA-427B-B78D-692A8BA5E055}.Debug|x64.Build.0 = Debug|x64
		{055EC099-3BAA-427B-B78D-692A8BA5E055}.Debug|x86.ActiveCfg = Debug|Win32
		{055EC099-3BAA-427B-B78D-692A8BA5E055}.Debug|x86.Build.0 = Debug|Win32
		{055EC099-3BAA-427B-B78D-692A8BA5E055}.Release|x64.ActiveCfg = Release|x64
		{055EC099-3BAA-427B-B78D-692A8BA5E055}.Release|x64.Build.0 = Release|x64
		{055EC099-3BAA-427B-B78D-692A8BA5E055}.Release|x86.ActiveCfg = Release|Win32
		{055EC099-3BAA-427B-B78D-692A8BA5E055}.Release|x86.Build.0 = Release|Win32
	EndGlobalSection
	GlobalSection(SolutionProperties) = preSolution
		HideSolutionNode = FALSE
	EndGlobalSection
	GlobalSection(NestedProjects) = preSolution
		{1246DC6B-2D89-43AA-B07F-604127DB237E} = {384450E9-B68E-40E5-9FC4-B9FE84E80582}
		{7A9C716D-296F-44E5-B93D-2A57A4D5B129} = {384450E9-B68E-40E5-9FC4-B9FE84E80582}
		{5DAB5C48-BCBE-47E6-B628-155363351669} = {4E62268A-3057-4ECA-8EE4-64200C867C07}
		{D1867E3E-2B64-4C17-BE89-8F92AE1EA4EA} = {4E62268A-3057-4ECA-8EE4-64200C867C07}
		{B46EA035-7C95-4AAA-9DFF-C96BAE95743F} = {4E62268A-3057-4ECA-8EE4-64200C867C07}
		{598B2441-3330-4603-9898-64DAAB8D6C05} = {4E62268A-3057-4ECA-8EE4-64200C867C07}
		{30E08C14-BDAD-4E7B-80E6-EFE87681C12D} = {4E62268A-3057-4ECA-8EE4-64200C867C07}
		{9BBFFF75-1783-406C-BA02-3E68A1781E53} = {04021C1F-C363-48C9-AB4D-2B7FA35201F3}
		{551DAE04-8C4C-4FD2-B06F-26FDE74D2E6A} = {04021C1F-C363-48C9-AB4D-2B7FA35201F3}
		{BE2B63A4-4DBD-4A67-A368-6637CBE227F5} = {65D9A11E-61B4-4BA2-B796-7B9DEBFA70D6}
		{22B13C25-BC38-4ADF-8391-1AFF68260999} = {0824250D-0C78-4ECE-AF85-70A445FDC8CB}
		{B294BB50-4014-40A3-A559-899C81A5BB00} = {0824250D-0C78-4ECE-AF85-70A445FDC8CB}
		{E02AE81A-C342-4FA6-9195-207FA2A96DB0} = {8BBBEAB4-9FE4-4D1D-AC6A-D1D39A413F20}
		{36152110-D98D-449D-AA33-F0EDBD12597E} = {8BBBEAB4-9FE4-4D1D-AC6A-D1D39A413F20}
		{29D2221F-7A14-42FB-8B1C-D9A6B593DB89} = {DE05C015-F45B-4E93-8C09-3C22017A2B43}
		{A1A294BB-8AA2-42A7-9E6A-7DF45AF8B2B0} = {316F20C6-A49E-46F5-A56F-E8C215014A59}
		{4DA378CB-A368-4490-A3FA-B80EB1F9A513} = {316F20C6-A49E-46F5-A56F-E8C215014A59}
		{5CFB859B-1730-46DA-B0B6-9CEE4E2FF9BC} = {316F20C6-A49E-46F5-A56F-E8C215014A59}
		{A98EC12C-3369-4114-8836-C4F06DE7FBE1} = {30A5FC07-FD87-4AD5-95A3-D30B7F66FFE3}
		{7D470A4F-3120-4D4F-8DBF-368D2747A761} = {30A5FC07-FD87-4AD5-95A3-D30B7F66FFE3}
		{6AF96FC3-56AF-42E9-8114-9E960A84E0ED} = {4E62268A-3057-4ECA-8EE4-64200C867C07}
		{055EC099-3BAA-427B-B78D-692A8BA5E055} = {6AF96FC3-56AF-42E9-8114-9E960A84E0ED}
	EndGlobalSection
	GlobalSection(ExtensibilityGlobals) = postSolution
		SolutionGuid = {30C52D30-D958-4546-94AE-9D727B75664A}
	EndGlobalSection
EndGlobal
