<?xml version="1.0" encoding="utf-8"?>
<Project ToolsVersion="4.0" xmlns="http://schemas.microsoft.com/developer/msbuild/2003">
  <ItemGroup>
    <Filter Include="Исходные файлы">
      <UniqueIdentifier>{4FC737F1-C7A5-4376-A066-2A32D752A2FF}</UniqueIdentifier>
      <Extensions>cpp;c;cc;cxx;c++;cppm;ixx;def;odl;idl;hpj;bat;asm;asmx</Extensions>
    </Filter>
    <Filter Include="Файлы заголовков">
      <UniqueIdentifier>{93995380-89BD-4b04-88EB-625FBE52EBFB}</UniqueIdentifier>
      <Extensions>h;hh;hpp;hxx;h++;hm;inl;inc;ipp;xsd</Extensions>
    </Filter>
    <Filter Include="Файлы ресурсов">
      <UniqueIdentifier>{67DA6AB6-F800-4c08-8B7A-83BB121AAD01}</UniqueIdentifier>
      <Extensions>rc;ico;cur;bmp;dlg;rc2;rct;bin;rgs;gif;jpg;jpeg;jpe;resx;tiff;tif;png;wav;mfcribbon-ms</Extensions>
    </Filter>
    <Filter Include="Файлы заголовков\Interfaces">
      <UniqueIdentifier>{ec2baed2-11d4-436e-bb86-a5a20eaa1837}</UniqueIdentifier>
    </Filter>
    <Filter Include="Исходные файлы\Commands">
      <UniqueIdentifier>{ffa00651-de35-4074-87d4-9078a8ce9536}</UniqueIdentifier>
    </Filter>
    <Filter Include="Файлы заголовков\Commands">
      <UniqueIdentifier>{5c073f8d-2408-4a50-8755-6a420c411e84}</UniqueIdentifier>
    </Filter>
  </ItemGroup>
  <ItemGroup>
    <ClInclude Include="IDocument.h">
      <Filter>Файлы заголовков\Interfaces</Filter>
    </ClInclude>
    <ClInclude Include="IParagraph.h">
      <Filter>Файлы заголовков\Interfaces</Filter>
    </ClInclude>
    <ClInclude Include="IImage.h">
      <Filter>Файлы заголовков\Interfaces</Filter>
    </ClInclude>
    <ClInclude Include="ConstDocumentItem.h">
      <Filter>Файлы заголовков</Filter>
    </ClInclude>
    <ClInclude Include="DocumentItem.h">
      <Filter>Файлы заголовков</Filter>
    </ClInclude>
    <ClInclude Include="Path.h">
      <Filter>Файлы заголовков</Filter>
    </ClInclude>
    <ClInclude Include="AbstractCommand.h">
      <Filter>Файлы заголовков\Commands</Filter>
    </ClInclude>
    <ClInclude Include="DeleteItemCommand.h">
      <Filter>Файлы заголовков\Commands</Filter>
    </ClInclude>
    <ClInclude Include="InsertDocumentItemCommand.h">
      <Filter>Файлы заголовков\Commands</Filter>
    </ClInclude>
    <ClInclude Include="ReplaceParagraphTextCommand.h">
      <Filter>Файлы заголовков\Commands</Filter>
    </ClInclude>
    <ClInclude Include="ResizeImageCommand.h">
      <Filter>Файлы заголовков\Commands</Filter>
    </ClInclude>
    <ClInclude Include="SetTitleCommand.h">
      <Filter>Файлы заголовков\Commands</Filter>
    </ClInclude>
    <ClInclude Include="ICommand.h">
      <Filter>Файлы заголовков\Interfaces</Filter>
    </ClInclude>
    <ClInclude Include="ICommandSink.h">
      <Filter>Файлы заголовков\Interfaces</Filter>
    </ClInclude>
    <ClInclude Include="Editor.h">
      <Filter>Файлы заголовков</Filter>
    </ClInclude>
    <ClInclude Include="HistoryAdapter.h">
      <Filter>Файлы заголовков</Filter>
    </ClInclude>
    <ClInclude Include="Image.h">
      <Filter>Файлы заголовков</Filter>
    </ClInclude>
    <ClInclude Include="Menu.h">
      <Filter>Файлы заголовков</Filter>
    </ClInclude>
    <ClInclude Include="Paragraph.h">
      <Filter>Файлы заголовков</Filter>
    </ClInclude>
    <ClInclude Include="Document.h">
      <Filter>Файлы заголовков</Filter>
    </ClInclude>
    <ClInclude Include="History.h">
      <Filter>Файлы заголовков</Filter>
    </ClInclude>
    <ClInclude Include="Item.h">
      <Filter>Файлы заголовков</Filter>
    </ClInclude>
  </ItemGroup>
  <ItemGroup>
    <ClCompile Include="ConstDocumentItem.cpp">
      <Filter>Исходные файлы</Filter>
    </ClCompile>
    <ClCompile Include="DocumentItem.cpp">
      <Filter>Исходные файлы</Filter>
    </ClCompile>
    <ClCompile Include="main.cpp">
      <Filter>Исходные файлы</Filter>
    </ClCompile>
    <ClCompile Include="AbstractCommand.cpp">
      <Filter>Исходные файлы\Commands</Filter>
    </ClCompile>
    <ClCompile Include="DeleteItemCommand.cpp">
      <Filter>Исходные файлы\Commands</Filter>
    </ClCompile>
    <ClCompile Include="InsertDocumentItemCommand.cpp">
      <Filter>Исходные файлы\Commands</Filter>
    </ClCompile>
    <ClCompile Include="ReplaceParagraphTextCommand.cpp">
      <Filter>Исходные файлы\Commands</Filter>
    </ClCompile>
    <ClCompile Include="ResizeImageCommand.cpp">
      <Filter>Исходные файлы\Commands</Filter>
    </ClCompile>
    <ClCompile Include="SetTitleCommand.cpp">
      <Filter>Исходные файлы\Commands</Filter>
    </ClCompile>
    <ClCompile Include="Editor.cpp">
      <Filter>Исходные файлы</Filter>
    </ClCompile>
    <ClCompile Include="HistoryAdapter.cpp">
      <Filter>Исходные файлы</Filter>
    </ClCompile>
    <ClCompile Include="Image.cpp">
      <Filter>Исходные файлы</Filter>
    </ClCompile>
    <ClCompile Include="Menu.cpp">
      <Filter>Исходные файлы</Filter>
    </ClCompile>
    <ClCompile Include="Paragraph.cpp">
      <Filter>Исходные файлы</Filter>
    </ClCompile>
    <ClCompile Include="Document.cpp">
      <Filter>Исходные файлы</Filter>
    </ClCompile>
    <ClCompile Include="History.cpp">
      <Filter>Исходные файлы</Filter>
    </ClCompile>
  </ItemGroup>
</Project>